
Microsoft Visual Studio Solution File, Format Version 12.00
# Visual Studio 15
VisualStudioVersion = 15.0.27130.2027
MinimumVisualStudioVersion = 10.0.40219.1
Project("{9A19103F-16F7-4668-BE54-9A1E7A4F7556}") = "HatTrick.MemDb", "src\HatTrick.MemDb\HatTrick.MemDb.csproj", "{92E16900-7584-438B-B864-121CF5E7A9B6}"
EndProject
Project("{9A19103F-16F7-4668-BE54-9A1E7A4F7556}") = "HatTrick.MemDb.TestHarness", "src\HatTrick.MemDb.TestHarness\HatTrick.MemDb.TestHarness.csproj", "{C39118DF-D936-4BE4-8AED-F88D4C30160C}"
EndProject
Global
	GlobalSection(SolutionConfigurationPlatforms) = preSolution
		Debug|Any CPU = Debug|Any CPU
		Release|Any CPU = Release|Any CPU
	EndGlobalSection
	GlobalSection(ProjectConfigurationPlatforms) = postSolution
		{92E16900-7584-438B-B864-121CF5E7A9B6}.Debug|Any CPU.ActiveCfg = Debug|Any CPU
		{92E16900-7584-438B-B864-121CF5E7A9B6}.Debug|Any CPU.Build.0 = Debug|Any CPU
		{92E16900-7584-438B-B864-121CF5E7A9B6}.Release|Any CPU.ActiveCfg = Release|Any CPU
		{92E16900-7584-438B-B864-121CF5E7A9B6}.Release|Any CPU.Build.0 = Release|Any CPU
		{C39118DF-D936-4BE4-8AED-F88D4C30160C}.Debug|Any CPU.ActiveCfg = Debug|Any CPU
		{C39118DF-D936-4BE4-8AED-F88D4C30160C}.Debug|Any CPU.Build.0 = Debug|Any CPU
		{C39118DF-D936-4BE4-8AED-F88D4C30160C}.Release|Any CPU.ActiveCfg = Release|Any CPU
		{C39118DF-D936-4BE4-8AED-F88D4C30160C}.Release|Any CPU.Build.0 = Release|Any CPU
	EndGlobalSection
	GlobalSection(SolutionProperties) = preSolution
		HideSolutionNode = FALSE
	EndGlobalSection
	GlobalSection(ExtensibilityGlobals) = postSolution
		SolutionGuid = {4C33759D-5052-4DB4-8E3B-3A681F0583F4}
	EndGlobalSection
EndGlobal
